// !$*UTF8*$!
{
	archiveVersion = 1;
	classes = {
	};
	objectVersion = 50;
	objects = {

/* Begin PBXBuildFile section */
		2B591F1624AA102F007B3266 /* AppDelegate.swift in Sources */ = {isa = PBXBuildFile; fileRef = 2B591F1524AA102F007B3266 /* AppDelegate.swift */; };
		2B591F1824AA102F007B3266 /* ContentView.swift in Sources */ = {isa = PBXBuildFile; fileRef = 2B591F1724AA102F007B3266 /* ContentView.swift */; };
		2B591F1A24AA1031007B3266 /* Assets.xcassets in Resources */ = {isa = PBXBuildFile; fileRef = 2B591F1924AA1031007B3266 /* Assets.xcassets */; };
		2B591F1D24AA1031007B3266 /* Preview Assets.xcassets in Resources */ = {isa = PBXBuildFile; fileRef = 2B591F1C24AA1031007B3266 /* Preview Assets.xcassets */; };
		2B591F2024AA1031007B3266 /* Main.storyboard in Resources */ = {isa = PBXBuildFile; fileRef = 2B591F1E24AA1031007B3266 /* Main.storyboard */; };
		2B591F2924AC9973007B3266 /* Messager.swift in Sources */ = {isa = PBXBuildFile; fileRef = 2B591F2824AC9973007B3266 /* Messager.swift */; };
		2B8016862604C5400048D65E /* PreferencesView.swift in Sources */ = {isa = PBXBuildFile; fileRef = 2B8016852604C5400048D65E /* PreferencesView.swift */; };
		2BAB13FE26035158009D9210 /* FocusButtonsView.swift in Sources */ = {isa = PBXBuildFile; fileRef = 2BAB13FD26035158009D9210 /* FocusButtonsView.swift */; };
		2BAB14012603529E009D9210 /* Helper.swift in Sources */ = {isa = PBXBuildFile; fileRef = 2BAB14002603529E009D9210 /* Helper.swift */; };
		2BAB140526037C74009D9210 /* SharedAttributes.swift in Sources */ = {isa = PBXBuildFile; fileRef = 2BAB140426037C74009D9210 /* SharedAttributes.swift */; };
/* End PBXBuildFile section */

/* Begin PBXFileReference section */
		2B591F1224AA102F007B3266 /* Stacker2.app */ = {isa = PBXFileReference; explicitFileType = wrapper.application; includeInIndex = 0; path = Stacker2.app; sourceTree = BUILT_PRODUCTS_DIR; };
		2B591F1524AA102F007B3266 /* AppDelegate.swift */ = {isa = PBXFileReference; lastKnownFileType = sourcecode.swift; path = AppDelegate.swift; sourceTree = "<group>"; };
		2B591F1724AA102F007B3266 /* ContentView.swift */ = {isa = PBXFileReference; lastKnownFileType = sourcecode.swift; path = ContentView.swift; sourceTree = "<group>"; };
		2B591F1924AA1031007B3266 /* Assets.xcassets */ = {isa = PBXFileReference; lastKnownFileType = folder.assetcatalog; path = Assets.xcassets; sourceTree = "<group>"; };
		2B591F1C24AA1031007B3266 /* Preview Assets.xcassets */ = {isa = PBXFileReference; lastKnownFileType = folder.assetcatalog; path = "Preview Assets.xcassets"; sourceTree = "<group>"; };
		2B591F1F24AA1031007B3266 /* Base */ = {isa = PBXFileReference; lastKnownFileType = file.storyboard; name = Base; path = Base.lproj/Main.storyboard; sourceTree = "<group>"; };
		2B591F2124AA1031007B3266 /* Info.plist */ = {isa = PBXFileReference; lastKnownFileType = text.plist.xml; path = Info.plist; sourceTree = "<group>"; };
		2B591F2224AA1031007B3266 /* Stacker2.entitlements */ = {isa = PBXFileReference; lastKnownFileType = text.plist.entitlements; path = Stacker2.entitlements; sourceTree = "<group>"; };
		2B591F2824AC9973007B3266 /* Messager.swift */ = {isa = PBXFileReference; lastKnownFileType = sourcecode.swift; path = Messager.swift; sourceTree = "<group>"; };
		2B8016852604C5400048D65E /* PreferencesView.swift */ = {isa = PBXFileReference; lastKnownFileType = sourcecode.swift; path = PreferencesView.swift; sourceTree = "<group>"; };
		2BAB13FD26035158009D9210 /* FocusButtonsView.swift */ = {isa = PBXFileReference; lastKnownFileType = sourcecode.swift; path = FocusButtonsView.swift; sourceTree = "<group>"; };
		2BAB14002603529E009D9210 /* Helper.swift */ = {isa = PBXFileReference; lastKnownFileType = sourcecode.swift; path = Helper.swift; sourceTree = "<group>"; };
		2BAB140426037C74009D9210 /* SharedAttributes.swift */ = {isa = PBXFileReference; lastKnownFileType = sourcecode.swift; path = SharedAttributes.swift; sourceTree = "<group>"; };
/* End PBXFileReference section */

/* Begin PBXFrameworksBuildPhase section */
		2B591F0F24AA102F007B3266 /* Frameworks */ = {
			isa = PBXFrameworksBuildPhase;
			buildActionMask = 2147483647;
			files = (
			);
			runOnlyForDeploymentPostprocessing = 0;
		};
/* End PBXFrameworksBuildPhase section */

/* Begin PBXGroup section */
		2B591F0924AA102F007B3266 = {
			isa = PBXGroup;
			children = (
				2B591F1424AA102F007B3266 /* Stacker2 */,
				2B591F1324AA102F007B3266 /* Products */,
			);
			sourceTree = "<group>";
		};
		2B591F1324AA102F007B3266 /* Products */ = {
			isa = PBXGroup;
			children = (
				2B591F1224AA102F007B3266 /* Stacker2.app */,
			);
			name = Products;
			sourceTree = "<group>";
		};
		2B591F1424AA102F007B3266 /* Stacker2 */ = {
			isa = PBXGroup;
			children = (
				2B591F1524AA102F007B3266 /* AppDelegate.swift */,
				2B591F1724AA102F007B3266 /* ContentView.swift */,
				2B8016852604C5400048D65E /* PreferencesView.swift */,
				2BAB140426037C74009D9210 /* SharedAttributes.swift */,
				2BAB13FD26035158009D9210 /* FocusButtonsView.swift */,
				2BAB14002603529E009D9210 /* Helper.swift */,
				2B591F1924AA1031007B3266 /* Assets.xcassets */,
				2B591F1E24AA1031007B3266 /* Main.storyboard */,
				2B591F2124AA1031007B3266 /* Info.plist */,
				2B591F2224AA1031007B3266 /* Stacker2.entitlements */,
				2B591F1B24AA1031007B3266 /* Preview Content */,
				2B591F2824AC9973007B3266 /* Messager.swift */,
			);
			path = Stacker2;
			sourceTree = "<group>";
		};
		2B591F1B24AA1031007B3266 /* Preview Content */ = {
			isa = PBXGroup;
			children = (
				2B591F1C24AA1031007B3266 /* Preview Assets.xcassets */,
			);
			path = "Preview Content";
			sourceTree = "<group>";
		};
/* End PBXGroup section */

/* Begin PBXNativeTarget section */
		2B591F1124AA102F007B3266 /* Stacker2 */ = {
			isa = PBXNativeTarget;
			buildConfigurationList = 2B591F2524AA1031007B3266 /* Build configuration list for PBXNativeTarget "Stacker2" */;
			buildPhases = (
				2B591F0E24AA102F007B3266 /* Sources */,
				2B591F0F24AA102F007B3266 /* Frameworks */,
				2B591F1024AA102F007B3266 /* Resources */,
			);
			buildRules = (
			);
			dependencies = (
			);
			name = Stacker2;
			productName = Stacker2;
			productReference = 2B591F1224AA102F007B3266 /* Stacker2.app */;
			productType = "com.apple.product-type.application";
		};
/* End PBXNativeTarget section */

/* Begin PBXProject section */
		2B591F0A24AA102F007B3266 /* Project object */ = {
			isa = PBXProject;
			attributes = {
				LastSwiftUpdateCheck = 1150;
				LastUpgradeCheck = 1240;
				ORGANIZATIONNAME = "Paul Barnard";
				TargetAttributes = {
					2B591F1124AA102F007B3266 = {
						CreatedOnToolsVersion = 11.5;
					};
				};
			};
			buildConfigurationList = 2B591F0D24AA102F007B3266 /* Build configuration list for PBXProject "Stacker2" */;
			compatibilityVersion = "Xcode 9.3";
			developmentRegion = en;
			hasScannedForEncodings = 0;
			knownRegions = (
				en,
				Base,
			);
			mainGroup = 2B591F0924AA102F007B3266;
			productRefGroup = 2B591F1324AA102F007B3266 /* Products */;
			projectDirPath = "";
			projectRoot = "";
			targets = (
				2B591F1124AA102F007B3266 /* Stacker2 */,
			);
		};
/* End PBXProject section */

/* Begin PBXResourcesBuildPhase section */
		2B591F1024AA102F007B3266 /* Resources */ = {
			isa = PBXResourcesBuildPhase;
			buildActionMask = 2147483647;
			files = (
				2B591F2024AA1031007B3266 /* Main.storyboard in Resources */,
				2B591F1D24AA1031007B3266 /* Preview Assets.xcassets in Resources */,
				2B591F1A24AA1031007B3266 /* Assets.xcassets in Resources */,
			);
			runOnlyForDeploymentPostprocessing = 0;
		};
/* End PBXResourcesBuildPhase section */

/* Begin PBXSourcesBuildPhase section */
		2B591F0E24AA102F007B3266 /* Sources */ = {
			isa = PBXSourcesBuildPhase;
			buildActionMask = 2147483647;
			files = (
				2BAB13FE26035158009D9210 /* FocusButtonsView.swift in Sources */,
				2B8016862604C5400048D65E /* PreferencesView.swift in Sources */,
				2BAB140526037C74009D9210 /* SharedAttributes.swift in Sources */,
				2B591F1824AA102F007B3266 /* ContentView.swift in Sources */,
				2BAB14012603529E009D9210 /* Helper.swift in Sources */,
				2B591F2924AC9973007B3266 /* Messager.swift in Sources */,
				2B591F1624AA102F007B3266 /* AppDelegate.swift in Sources */,
			);
			runOnlyForDeploymentPostprocessing = 0;
		};
/* End PBXSourcesBuildPhase section */

/* Begin PBXVariantGroup section */
		2B591F1E24AA1031007B3266 /* Main.storyboard */ = {
			isa = PBXVariantGroup;
			children = (
				2B591F1F24AA1031007B3266 /* Base */,
			);
			name = Main.storyboard;
			sourceTree = "<group>";
		};
/* End PBXVariantGroup section */

/* Begin XCBuildConfiguration section */
		2B591F2324AA1031007B3266 /* Debug */ = {
			isa = XCBuildConfiguration;
			buildSettings = {
				ALWAYS_SEARCH_USER_PATHS = NO;
				CLANG_ANALYZER_NONNULL = YES;
				CLANG_ANALYZER_NUMBER_OBJECT_CONVERSION = YES_AGGRESSIVE;
				CLANG_CXX_LANGUAGE_STANDARD = "gnu++14";
				CLANG_CXX_LIBRARY = "libc++";
				CLANG_ENABLE_MODULES = YES;
				CLANG_ENABLE_OBJC_ARC = YES;
				CLANG_ENABLE_OBJC_WEAK = YES;
				CLANG_WARN_BLOCK_CAPTURE_AUTORELEASING = YES;
				CLANG_WARN_BOOL_CONVERSION = YES;
				CLANG_WARN_COMMA = YES;
				CLANG_WARN_CONSTANT_CONVERSION = YES;
				CLANG_WARN_DEPRECATED_OBJC_IMPLEMENTATIONS = YES;
				CLANG_WARN_DIRECT_OBJC_ISA_USAGE = YES_ERROR;
				CLANG_WARN_DOCUMENTATION_COMMENTS = YES;
				CLANG_WARN_EMPTY_BODY = YES;
				CLANG_WARN_ENUM_CONVERSION = YES;
				CLANG_WARN_INFINITE_RECURSION = YES;
				CLANG_WARN_INT_CONVERSION = YES;
				CLANG_WARN_NON_LITERAL_NULL_CONVERSION = YES;
				CLANG_WARN_OBJC_IMPLICIT_RETAIN_SELF = YES;
				CLANG_WARN_OBJC_LITERAL_CONVERSION = YES;
				CLANG_WARN_OBJC_ROOT_CLASS = YES_ERROR;
				CLANG_WARN_QUOTED_INCLUDE_IN_FRAMEWORK_HEADER = YES;
				CLANG_WARN_RANGE_LOOP_ANALYSIS = YES;
				CLANG_WARN_STRICT_PROTOTYPES = YES;
				CLANG_WARN_SUSPICIOUS_MOVE = YES;
				CLANG_WARN_UNGUARDED_AVAILABILITY = YES_AGGRESSIVE;
				CLANG_WARN_UNREACHABLE_CODE = YES;
				CLANG_WARN__DUPLICATE_METHOD_MATCH = YES;
				COPY_PHASE_STRIP = NO;
				DEBUG_INFORMATION_FORMAT = dwarf;
				ENABLE_STRICT_OBJC_MSGSEND = YES;
				ENABLE_TESTABILITY = YES;
				GCC_C_LANGUAGE_STANDARD = gnu11;
				GCC_DYNAMIC_NO_PIC = NO;
				GCC_NO_COMMON_BLOCKS = YES;
				GCC_OPTIMIZATION_LEVEL = 0;
				GCC_PREPROCESSOR_DEFINITIONS = (
					"DEBUG=1",
					"$(inherited)",
				);
				GCC_WARN_64_TO_32_BIT_CONVERSION = YES;
				GCC_WARN_ABOUT_RETURN_TYPE = YES_ERROR;
				GCC_WARN_UNDECLARED_SELECTOR = YES;
				GCC_WARN_UNINITIALIZED_AUTOS = YES_AGGRESSIVE;
				GCC_WARN_UNUSED_FUNCTION = YES;
				GCC_WARN_UNUSED_VARIABLE = YES;
				MACOSX_DEPLOYMENT_TARGET = 10.15;
				MTL_ENABLE_DEBUG_INFO = INCLUDE_SOURCE;
				MTL_FAST_MATH = YES;
				ONLY_ACTIVE_ARCH = YES;
				SDKROOT = macosx;
				SWIFT_ACTIVE_COMPILATION_CONDITIONS = DEBUG;
				SWIFT_OPTIMIZATION_LEVEL = "-Onone";
			};
			name = Debug;
		};
		2B591F2424AA1031007B3266 /* Release */ = {
			isa = XCBuildConfiguration;
			buildSettings = {
				ALWAYS_SEARCH_USER_PATHS = NO;
				CLANG_ANALYZER_NONNULL = YES;
				CLANG_ANALYZER_NUMBER_OBJECT_CONVERSION = YES_AGGRESSIVE;
				CLANG_CXX_LANGUAGE_STANDARD = "gnu++14";
				CLANG_CXX_LIBRARY = "libc++";
				CLANG_ENABLE_MODULES = YES;
				CLANG_ENABLE_OBJC_ARC = YES;
				CLANG_ENABLE_OBJC_WEAK = YES;
				CLANG_WARN_BLOCK_CAPTURE_AUTORELEASING = YES;
				CLANG_WARN_BOOL_CONVERSION = YES;
				CLANG_WARN_COMMA = YES;
				CLANG_WARN_CONSTANT_CONVERSION = YES;
				CLANG_WARN_DEPRECATED_OBJC_IMPLEMENTATIONS = YES;
				CLANG_WARN_DIRECT_OBJC_ISA_USAGE = YES_ERROR;
				CLANG_WARN_DOCUMENTATION_COMMENTS = YES;
				CLANG_WARN_EMPTY_BODY = YES;
				CLANG_WARN_ENUM_CONVERSION = YES;
				CLANG_WARN_INFINITE_RECURSION = YES;
				CLANG_WARN_INT_CONVERSION = YES;
				CLANG_WARN_NON_LITERAL_NULL_CONVERSION = YES;
				CLANG_WARN_OBJC_IMPLICIT_RETAIN_SELF = YES;
				CLANG_WARN_OBJC_LITERAL_CONVERSION = YES;
				CLANG_WARN_OBJC_ROOT_CLASS = YES_ERROR;
				CLANG_WARN_QUOTED_INCLUDE_IN_FRAMEWORK_HEADER = YES;
				CLANG_WARN_RANGE_LOOP_ANALYSIS = YES;
				CLANG_WARN_STRICT_PROTOTYPES = YES;
				CLANG_WARN_SUSPICIOUS_MOVE = YES;
				CLANG_WARN_UNGUARDED_AVAILABILITY = YES_AGGRESSIVE;
				CLANG_WARN_UNREACHABLE_CODE = YES;
				CLANG_WARN__DUPLICATE_METHOD_MATCH = YES;
				COPY_PHASE_STRIP = NO;
				DEBUG_INFORMATION_FORMAT = "dwarf-with-dsym";
				ENABLE_NS_ASSERTIONS = NO;
				ENABLE_STRICT_OBJC_MSGSEND = YES;
				GCC_C_LANGUAGE_STANDARD = gnu11;
				GCC_NO_COMMON_BLOCKS = YES;
				GCC_WARN_64_TO_32_BIT_CONVERSION = YES;
				GCC_WARN_ABOUT_RETURN_TYPE = YES_ERROR;
				GCC_WARN_UNDECLARED_SELECTOR = YES;
				GCC_WARN_UNINITIALIZED_AUTOS = YES_AGGRESSIVE;
				GCC_WARN_UNUSED_FUNCTION = YES;
				GCC_WARN_UNUSED_VARIABLE = YES;
				MACOSX_DEPLOYMENT_TARGET = 10.15;
				MTL_ENABLE_DEBUG_INFO = NO;
				MTL_FAST_MATH = YES;
				SDKROOT = macosx;
				SWIFT_COMPILATION_MODE = wholemodule;
				SWIFT_OPTIMIZATION_LEVEL = "-O";
			};
			name = Release;
		};
		2B591F2624AA1031007B3266 /* Debug */ = {
			isa = XCBuildConfiguration;
			buildSettings = {
				ASSETCATALOG_COMPILER_APPICON_NAME = AppIcon;
				CODE_SIGN_ENTITLEMENTS = Stacker2/Stacker2.entitlements;
				CODE_SIGN_IDENTITY = "Apple Development";
				CODE_SIGN_STYLE = Automatic;
				COMBINE_HIDPI_IMAGES = YES;
				DEVELOPMENT_ASSET_PATHS = "\"Stacker2/Preview Content\"";
				DEVELOPMENT_TEAM = FT2V4DQ84R;
				ENABLE_HARDENED_RUNTIME = YES;
				ENABLE_PREVIEWS = YES;
				INFOPLIST_FILE = Stacker2/Info.plist;
				LD_RUNPATH_SEARCH_PATHS = (
					"$(inherited)",
					"@executable_path/../Frameworks",
				);
				MACOSX_DEPLOYMENT_TARGET = 10.15;
				PRODUCT_BUNDLE_IDENTIFIER = com.toxiccelery.Stacker2;
				PRODUCT_NAME = "$(TARGET_NAME)";
				SWIFT_VERSION = 5.0;
			};
			name = Debug;
		};
		2B591F2724AA1031007B3266 /* Release */ = {
			isa = XCBuildConfiguration;
			buildSettings = {
				ASSETCATALOG_COMPILER_APPICON_NAME = AppIcon;
				CODE_SIGN_ENTITLEMENTS = Stacker2/Stacker2.entitlements;
				CODE_SIGN_IDENTITY = "Apple Development";
				CODE_SIGN_STYLE = Automatic;
				COMBINE_HIDPI_IMAGES = YES;
				DEVELOPMENT_ASSET_PATHS = "\"Stacker2/Preview Content\"";
				DEVELOPMENT_TEAM = FT2V4DQ84R;
				ENABLE_HARDENED_RUNTIME = YES;
				ENABLE_PREVIEWS = YES;
				INFOPLIST_FILE = Stacker2/Info.plist;
				LD_RUNPATH_SEARCH_PATHS = (
					"$(inherited)",
					"@executable_path/../Frameworks",
				);
				MACOSX_DEPLOYMENT_TARGET = 10.15;
				PRODUCT_BUNDLE_IDENTIFIER = com.toxiccelery.Stacker2;
				PRODUCT_NAME = "$(TARGET_NAME)";
				SWIFT_VERSION = 5.0;
			};
			name = Release;
		};
/* End XCBuildConfiguration section */

/* Begin XCConfigurationList section */
		2B591F0D24AA102F007B3266 /* Build configuration list for PBXProject "Stacker2" */ = {
			isa = XCConfigurationList;
			buildConfigurations = (
				2B591F2324AA1031007B3266 /* Debug */,
				2B591F2424AA1031007B3266 /* Release */,
			);
			defaultConfigurationIsVisible = 0;
			defaultConfigurationName = Release;
		};
		2B591F2524AA1031007B3266 /* Build configuration list for PBXNativeTarget "Stacker2" */ = {
			isa = XCConfigurationList;
			buildConfigurations = (
				2B591F2624AA1031007B3266 /* Debug */,
				2B591F2724AA1031007B3266 /* Release */,
			);
			defaultConfigurationIsVisible = 0;
			defaultConfigurationName = Release;
		};
/* End XCConfigurationList section */
	};
	rootObject = 2B591F0A24AA102F007B3266 /* Project object */;
}
